
Microsoft Visual Studio Solution File, Format Version 12.00
# Visual Studio 15
Project("{FAE04EC0-301F-11D3-BF4B-00C04F79EFBC}") = "Assembly-CSharp", "Assembly-CSharp.csproj", "{0EF81C02-6595-6709-1569-427D252DF484}"
EndProject
Project("{FAE04EC0-301F-11D3-BF4B-00C04F79EFBC}") = "VuforiaScripts", "VuforiaScripts.csproj", "{00CD4FA2-50AC-B7CD-F60C-26BA0249FC58}"
EndProject
Project("{FAE04EC0-301F-11D3-BF4B-00C04F79EFBC}") = "VuforiaEditorScripts", "VuforiaEditorScripts.csproj", "{E4AACDF5-AD7B-73FC-2BBD-7DD5B22B65F0}"
EndProject
Global
	GlobalSection(SolutionConfigurationPlatforms) = preSolution
		Debug|Any CPU = Debug|Any CPU
		Release|Any CPU = Release|Any CPU
	EndGlobalSection
	GlobalSection(ProjectConfigurationPlatforms) = postSolution
		{0EF81C02-6595-6709-1569-427D252DF484}.Debug|Any CPU.ActiveCfg = Debug|Any CPU
		{0EF81C02-6595-6709-1569-427D252DF484}.Debug|Any CPU.Build.0 = Debug|Any CPU
		{0EF81C02-6595-6709-1569-427D252DF484}.Release|Any CPU.ActiveCfg = Release|Any CPU
		{0EF81C02-6595-6709-1569-427D252DF484}.Release|Any CPU.Build.0 = Release|Any CPU
		{00CD4FA2-50AC-B7CD-F60C-26BA0249FC58}.Debug|Any CPU.ActiveCfg = Debug|Any CPU
		{00CD4FA2-50AC-B7CD-F60C-26BA0249FC58}.Debug|Any CPU.Build.0 = Debug|Any CPU
		{00CD4FA2-50AC-B7CD-F60C-26BA0249FC58}.Release|Any CPU.ActiveCfg = Release|Any CPU
		{00CD4FA2-50AC-B7CD-F60C-26BA0249FC58}.Release|Any CPU.Build.0 = Release|Any CPU
		{E4AACDF5-AD7B-73FC-2BBD-7DD5B22B65F0}.Debug|Any CPU.ActiveCfg = Debug|Any CPU
		{E4AACDF5-AD7B-73FC-2BBD-7DD5B22B65F0}.Debug|Any CPU.Build.0 = Debug|Any CPU
		{E4AACDF5-AD7B-73FC-2BBD-7DD5B22B65F0}.Release|Any CPU.ActiveCfg = Release|Any CPU
		{E4AACDF5-AD7B-73FC-2BBD-7DD5B22B65F0}.Release|Any CPU.Build.0 = Release|Any CPU
	EndGlobalSection
	GlobalSection(SolutionProperties) = preSolution
		HideSolutionNode = FALSE
	EndGlobalSection
EndGlobal
